{
  "name": "isengard",
  "version": "0.0.1",
  "lockfileVersion": 1,
  "requires": true,
  "dependencies": {
    "@types/node": {
      "version": "11.10.5",
      "resolved": "https://registry.npmjs.org/@types/node/-/node-11.10.5.tgz",
      "integrity": "sha512-DuIRlQbX4K+d5I+GMnv+UfnGh+ist0RdlvOp+JZ7ePJ6KQONCFQv/gKYSU1ZzbVdFSUCKZOltjmpFAGGv5MdYA==",
      "dev": true
    },
    "@types/tail": {
      "version": "1.2.1",
      "resolved": "https://registry.npmjs.org/@types/tail/-/tail-1.2.1.tgz",
      "integrity": "sha512-v7z6nE6QS634ugD9QZofcPXADgbpB/Wd+hIVt14UrN267/UzimHhnQ8tfitxdosOYycTzgFXP2s+XdZTo2d7/w==",
      "dev": true
    },
    "node-watch": {
      "version": "0.6.0",
      "resolved": "https://registry.npmjs.org/node-watch/-/node-watch-0.6.0.tgz",
      "integrity": "sha512-XAgTL05z75ptd7JSVejH1a2Dm1zmXYhuDr9l230Qk6Z7/7GPcnAs/UyJJ4ggsXSvWil8iOzwQLW0zuGUvHpG8g=="
    },
    "rxjs": {
      "version": "6.4.0",
      "resolved": "https://registry.npmjs.org/rxjs/-/rxjs-6.4.0.tgz",
      "integrity": "sha512-Z9Yfa11F6B9Sg/BK9MnqnQ+aQYicPLtilXBp2yUtDt2JRCE0h26d33EnfO3ZxoNxG0T92OUucP3Ct7cpfkdFfw==",
      "requires": {
        "tslib": "^1.9.0"
      }
    },
    "rxjs-compat": {
      "version": "6.4.0",
      "resolved": "https://registry.npmjs.org/rxjs-compat/-/rxjs-compat-6.4.0.tgz",
      "integrity": "sha512-eo/O8RS83hJdJukCtA+IF6qnqa8FPOuVo+OPCzgVi+dbTle9KCdNv97IcQO0WwNVik7DJLKmf0F8uwzc0q40vw=="
    },
    "tail": {
      "version": "2.0.2",
      "resolved": "https://registry.npmjs.org/tail/-/tail-2.0.2.tgz",
      "integrity": "sha512-raFipiKWdGKEzxbvZwnhUGqjvsv0gpa/1A479rL//NOxnNwYZDN4MPk6xJJdUFs8P2Xrff3nbH5fcyYRLU4UHQ=="
    },
    "tree-kill": {
      "version": "1.2.1",
      "resolved": "https://registry.npmjs.org/tree-kill/-/tree-kill-1.2.1.tgz",
      "integrity": "sha512-4hjqbObwlh2dLyW4tcz0Ymw0ggoaVDMveUB9w8kFSQScdRLo0gxO9J7WFcUBo+W3C1TLdFIEwNOWebgZZ0RH9Q=="
    },
    "tslib": {
      "version": "1.9.3",
      "resolved": "https://registry.npmjs.org/tslib/-/tslib-1.9.3.tgz",
      "integrity": "sha512-4krF8scpejhaOgqzBEcGM7yDIEfi0/8+8zDRZhNZZ2kjmHJ4hv3zCbQWxoJGz1iw5U0Jl0nma13xzHXcncMavQ=="
    }
  }
}
